
Microsoft Visual Studio Solution File, Format Version 12.00
# Visual Studio Version 16
VisualStudioVersion = 16.0.32510.428
MinimumVisualStudioVersion = 10.0.40219.1
Project("{FAE04EC0-301F-11D3-BF4B-00C04F79EFBC}") = "SharpWxDump", "SharpWxDump.csproj", "{9A708A39-ED10-4D57-B23D-76B1847F7E90}"
EndProject
Global
	GlobalSection(SolutionConfigurationPlatforms) = preSolution
		Debug|Any CPU = Debug|Any CPU
		Debug|x86 = Debug|x86
		Release|Any CPU = Release|Any CPU
		Release|x86 = Release|x86
	EndGlobalSection
	GlobalSection(ProjectConfigurationPlatforms) = postSolution
		{9A708A39-ED10-4D57-B23D-76B1847F7E90}.Debug|Any CPU.ActiveCfg = Debug|Any CPU
		{9A708A39-ED10-4D57-B23D-76B1847F7E90}.Debug|Any CPU.Build.0 = Debug|Any CPU
		{9A708A39-ED10-4D57-B23D-76B1847F7E90}.Debug|x86.ActiveCfg = Debug|x86
		{9A708A39-ED10-4D57-B23D-76B1847F7E90}.Debug|x86.Build.0 = Debug|x86
		{9A708A39-ED10-4D57-B23D-76B1847F7E90}.Release|Any CPU.ActiveCfg = Release|Any CPU
		{9A708A39-ED10-4D57-B23D-76B1847F7E90}.Release|Any CPU.Build.0 = Release|Any CPU
		{9A708A39-ED10-4D57-B23D-76B1847F7E90}.Release|x86.ActiveCfg = Release|x86
		{9A708A39-ED10-4D57-B23D-76B1847F7E90}.Release|x86.Build.0 = Release|x86
	EndGlobalSection
	GlobalSection(SolutionProperties) = preSolution
		HideSolutionNode = FALSE
	EndGlobalSection
	GlobalSection(ExtensibilityGlobals) = postSolution
		SolutionGuid = {80DA3A70-3223-4AC2-8227-3138A24B74C6}
	EndGlobalSection
EndGlobal
